
Microsoft Visual Studio Solution File, Format Version 12.00
# Visual Studio 15
VisualStudioVersion = 15.0.26711.1
MinimumVisualStudioVersion = 10.0.40219.1
Project("{FAE04EC0-301F-11D3-BF4B-00C04F79EFBC}") = "dnb.Core", "dnb\dnb.Core\dnb.Core.csproj", "{507EBA58-BA12-4D7A-87B7-93A4D5826332}"
EndProject
Project("{FAE04EC0-301F-11D3-BF4B-00C04F79EFBC}") = "dnb.UI.Wpf", "dnb\dnb.UI.Wpf\dnb.UI.Wpf.csproj", "{9201C709-23B5-4246-ACE4-249558979D78}"
EndProject
Global
	GlobalSection(SolutionConfigurationPlatforms) = preSolution
		Debug|Any CPU = Debug|Any CPU
		Release|Any CPU = Release|Any CPU
	EndGlobalSection
	GlobalSection(ProjectConfigurationPlatforms) = postSolution
		{507EBA58-BA12-4D7A-87B7-93A4D5826332}.Debug|Any CPU.ActiveCfg = Debug|Any CPU
		{507EBA58-BA12-4D7A-87B7-93A4D5826332}.Debug|Any CPU.Build.0 = Debug|Any CPU
		{507EBA58-BA12-4D7A-87B7-93A4D5826332}.Release|Any CPU.ActiveCfg = Release|Any CPU
		{507EBA58-BA12-4D7A-87B7-93A4D5826332}.Release|Any CPU.Build.0 = Release|Any CPU
		{9201C709-23B5-4246-ACE4-249558979D78}.Debug|Any CPU.ActiveCfg = Debug|Any CPU
		{9201C709-23B5-4246-ACE4-249558979D78}.Debug|Any CPU.Build.0 = Debug|Any CPU
		{9201C709-23B5-4246-ACE4-249558979D78}.Release|Any CPU.ActiveCfg = Release|Any CPU
		{9201C709-23B5-4246-ACE4-249558979D78}.Release|Any CPU.Build.0 = Release|Any CPU
	EndGlobalSection
	GlobalSection(SolutionProperties) = preSolution
		HideSolutionNode = FALSE
	EndGlobalSection
	GlobalSection(ExtensibilityGlobals) = postSolution
		SolutionGuid = {88A52C6A-2F41-4F40-A67E-43B9A88B765D}
	EndGlobalSection
EndGlobal
